# THIS IS AN AUTOGENERATED FILE. DO NOT EDIT THIS FILE DIRECTLY.
# yarn lockfile v1


vant-weapp@^0.4.9:
  version "0.4.9"
  resolved "http://registry.npm.taobao.org/vant-weapp/download/vant-weapp-0.4.9.tgz#c191319a7c35d3ce5cc338203f9dcbb86af2c0a9"
  integrity sha1-wZExmnw1085cwzggP53LuGrywKk=
